
Microsoft Visual Studio Solution File, Format Version 12.00
# Visual Studio 15
VisualStudioVersion = 15.0.26430.14
MinimumVisualStudioVersion = 10.0.40219.1
Project("{FAE04EC0-301F-11D3-BF4B-00C04F79EFBC}") = "Problem01.Trainegram", "Problem01.Trainegram\Problem01.Trainegram.csproj", "{3AA8BF29-6FBC-42C4-85DB-F2923F4D7F8A}"
EndProject
Project("{FAE04EC0-301F-11D3-BF4B-00C04F79EFBC}") = "Problem02.AnonymousVox", "Problem02.AnonymousVox\Problem02.AnonymousVox.csproj", "{1028B210-F2FE-4E15-AC83-A4E0861018A6}"
EndProject
Project("{FAE04EC0-301F-11D3-BF4B-00C04F79EFBC}") = "Problem03.HornetComm", "Problem03.HornetComm.\Problem03.HornetComm.csproj", "{65E208A8-3F54-4AD8-8A0F-D07C5CB10E32}"
EndProject
Global
	GlobalSection(SolutionConfigurationPlatforms) = preSolution
		Debug|Any CPU = Debug|Any CPU
		Release|Any CPU = Release|Any CPU
	EndGlobalSection
	GlobalSection(ProjectConfigurationPlatforms) = postSolution
		{3AA8BF29-6FBC-42C4-85DB-F2923F4D7F8A}.Debug|Any CPU.ActiveCfg = Debug|Any CPU
		{3AA8BF29-6FBC-42C4-85DB-F2923F4D7F8A}.Debug|Any CPU.Build.0 = Debug|Any CPU
		{3AA8BF29-6FBC-42C4-85DB-F2923F4D7F8A}.Release|Any CPU.ActiveCfg = Release|Any CPU
		{3AA8BF29-6FBC-42C4-85DB-F2923F4D7F8A}.Release|Any CPU.Build.0 = Release|Any CPU
		{1028B210-F2FE-4E15-AC83-A4E0861018A6}.Debug|Any CPU.ActiveCfg = Debug|Any CPU
		{1028B210-F2FE-4E15-AC83-A4E0861018A6}.Debug|Any CPU.Build.0 = Debug|Any CPU
		{1028B210-F2FE-4E15-AC83-A4E0861018A6}.Release|Any CPU.ActiveCfg = Release|Any CPU
		{1028B210-F2FE-4E15-AC83-A4E0861018A6}.Release|Any CPU.Build.0 = Release|Any CPU
		{65E208A8-3F54-4AD8-8A0F-D07C5CB10E32}.Debug|Any CPU.ActiveCfg = Debug|Any CPU
		{65E208A8-3F54-4AD8-8A0F-D07C5CB10E32}.Debug|Any CPU.Build.0 = Debug|Any CPU
		{65E208A8-3F54-4AD8-8A0F-D07C5CB10E32}.Release|Any CPU.ActiveCfg = Release|Any CPU
		{65E208A8-3F54-4AD8-8A0F-D07C5CB10E32}.Release|Any CPU.Build.0 = Release|Any CPU
	EndGlobalSection
	GlobalSection(SolutionProperties) = preSolution
		HideSolutionNode = FALSE
	EndGlobalSection
EndGlobal
