
Microsoft Visual Studio Solution File, Format Version 12.00
# Visual Studio 15
VisualStudioVersion = 15.0.26430.14
MinimumVisualStudioVersion = 10.0.40219.1
Project("{FAE04EC0-301F-11D3-BF4B-00C04F79EFBC}") = "Problem01.SoftuniCoffeeOrders", "Problem01.SinoTheWalkerr\Problem01.SoftuniCoffeeOrders.csproj", "{2C2374C1-C530-46EB-B885-085174E72932}"
EndProject
Project("{FAE04EC0-301F-11D3-BF4B-00C04F79EFBC}") = "Problem03.RageQuit", "Problem03.RageQuit\Problem03.RageQuit.csproj", "{8FB37798-DF91-42F2-A148-F3BB8E6B317F}"
EndProject
Project("{FAE04EC0-301F-11D3-BF4B-00C04F79EFBC}") = "Problem02.CommandInterpreter", "Problem02.CommandInterpreter\Problem02.CommandInterpreter.csproj", "{447BB783-BCBB-425D-BA5E-5B7FE1B13409}"
EndProject
Project("{FAE04EC0-301F-11D3-BF4B-00C04F79EFBC}") = "Problem04.Files", "Problem04.Files\Problem04.Files.csproj", "{30CE91BD-1EB6-46DF-976B-3A6EC0ECBC0A}"
EndProject
Global
	GlobalSection(SolutionConfigurationPlatforms) = preSolution
		Debug|Any CPU = Debug|Any CPU
		Release|Any CPU = Release|Any CPU
	EndGlobalSection
	GlobalSection(ProjectConfigurationPlatforms) = postSolution
		{2C2374C1-C530-46EB-B885-085174E72932}.Debug|Any CPU.ActiveCfg = Debug|Any CPU
		{2C2374C1-C530-46EB-B885-085174E72932}.Debug|Any CPU.Build.0 = Debug|Any CPU
		{2C2374C1-C530-46EB-B885-085174E72932}.Release|Any CPU.ActiveCfg = Release|Any CPU
		{2C2374C1-C530-46EB-B885-085174E72932}.Release|Any CPU.Build.0 = Release|Any CPU
		{8FB37798-DF91-42F2-A148-F3BB8E6B317F}.Debug|Any CPU.ActiveCfg = Debug|Any CPU
		{8FB37798-DF91-42F2-A148-F3BB8E6B317F}.Debug|Any CPU.Build.0 = Debug|Any CPU
		{8FB37798-DF91-42F2-A148-F3BB8E6B317F}.Release|Any CPU.ActiveCfg = Release|Any CPU
		{8FB37798-DF91-42F2-A148-F3BB8E6B317F}.Release|Any CPU.Build.0 = Release|Any CPU
		{447BB783-BCBB-425D-BA5E-5B7FE1B13409}.Debug|Any CPU.ActiveCfg = Debug|Any CPU
		{447BB783-BCBB-425D-BA5E-5B7FE1B13409}.Debug|Any CPU.Build.0 = Debug|Any CPU
		{447BB783-BCBB-425D-BA5E-5B7FE1B13409}.Release|Any CPU.ActiveCfg = Release|Any CPU
		{447BB783-BCBB-425D-BA5E-5B7FE1B13409}.Release|Any CPU.Build.0 = Release|Any CPU
		{30CE91BD-1EB6-46DF-976B-3A6EC0ECBC0A}.Debug|Any CPU.ActiveCfg = Debug|Any CPU
		{30CE91BD-1EB6-46DF-976B-3A6EC0ECBC0A}.Debug|Any CPU.Build.0 = Debug|Any CPU
		{30CE91BD-1EB6-46DF-976B-3A6EC0ECBC0A}.Release|Any CPU.ActiveCfg = Release|Any CPU
		{30CE91BD-1EB6-46DF-976B-3A6EC0ECBC0A}.Release|Any CPU.Build.0 = Release|Any CPU
	EndGlobalSection
	GlobalSection(SolutionProperties) = preSolution
		HideSolutionNode = FALSE
	EndGlobalSection
EndGlobal
